# THIS IS AN AUTOGENERATED FILE. DO NOT EDIT THIS FILE DIRECTLY.
# yarn lockfile v1


"@aws-crypto/sha256-browser@5.2.0":
  version "5.2.0"
  resolved "https://registry.yarnpkg.com/@aws-crypto/sha256-browser/-/sha256-browser-5.2.0.tgz#153895ef1dba6f9fce38af550e0ef58988eb649e"
  integrity sha512-AXfN/lGotSQwu6HNcEsIASo7kWXZ5HYWvfOmSNKDsEqC4OashTp8alTmaz+F7TC2L083SFv5RdB+qU3Vs1kZqw==
  dependencies:
    "@aws-crypto/sha256-js" "^5.2.0"
    "@aws-crypto/supports-web-crypto" "^5.2.0"
    "@aws-crypto/util" "^5.2.0"
    "@aws-sdk/types" "^3.222.0"
    "@aws-sdk/util-locate-window" "^3.0.0"
    "@smithy/util-utf8" "^2.0.0"
    tslib "^2.6.2"

"@aws-crypto/sha256-js@5.2.0", "@aws-crypto/sha256-js@^5.2.0":
  version "5.2.0"
  resolved "https://registry.yarnpkg.com/@aws-crypto/sha256-js/-/sha256-js-5.2.0.tgz#c4fdb773fdbed9a664fc1a95724e206cf3860042"
  integrity sha512-FFQQyu7edu4ufvIZ+OadFpHHOt+eSTBaYaki44c+akjg7qZg9oOQeLlk77F6tSYqjDAFClrHJk9tMf0HdVyOvA==
  dependencies:
    "@aws-crypto/util" "^5.2.0"
    "@aws-sdk/types" "^3.222.0"
    tslib "^2.6.2"

"@aws-crypto/supports-web-crypto@^5.2.0":
  version "5.2.0"
  resolved "https://registry.yarnpkg.com/@aws-crypto/supports-web-crypto/-/supports-web-crypto-5.2.0.tgz#a1e399af29269be08e695109aa15da0a07b5b5fb"
  integrity sha512-iAvUotm021kM33eCdNfwIN//F77/IADDSs58i+MDaOqFrVjZo9bAal0NK7HurRuWLLpF1iLX7gbWrjHjeo+YFg==
  dependencies:
    tslib "^2.6.2"

"@aws-crypto/util@^5.2.0":
  version "5.2.0"
  resolved "https://registry.yarnpkg.com/@aws-crypto/util/-/util-5.2.0.tgz#71284c9cffe7927ddadac793c14f14886d3876da"
  integrity sha512-4RkU9EsI6ZpBve5fseQlGNUWKMa1RLPQ1dnjnQoe07ldfIzcsGb5hC5W0Dm7u423KWzawlrpbjXBrXCEv9zazQ==
  dependencies:
    "@aws-sdk/types" "^3.222.0"
    "@smithy/util-utf8" "^2.0.0"
    tslib "^2.6.2"

"@aws-sdk/client-ssm@^3.821.0":
  version "3.821.0"
  resolved "https://registry.yarnpkg.com/@aws-sdk/client-ssm/-/client-ssm-3.821.0.tgz#e9c922c32d6a7bad82e533fa6e4160d3e26f33e2"
  integrity sha512-4In4jRwq3Jsgs3E65fPnsnEB8AgId1L9AqMKSKoLhmnYyoXPcgdjGOsxFMe+f65LwFbdLGide0aeGt3J5NE/lA==
  dependencies:
    "@aws-crypto/sha256-browser" "5.2.0"
    "@aws-crypto/sha256-js" "5.2.0"
    "@aws-sdk/core" "3.821.0"
    "@aws-sdk/credential-provider-node" "3.821.0"
    "@aws-sdk/middleware-host-header" "3.821.0"
    "@aws-sdk/middleware-logger" "3.821.0"
    "@aws-sdk/middleware-recursion-detection" "3.821.0"
    "@aws-sdk/middleware-user-agent" "3.821.0"
    "@aws-sdk/region-config-resolver" "3.821.0"
    "@aws-sdk/types" "3.821.0"
    "@aws-sdk/util-endpoints" "3.821.0"
    "@aws-sdk/util-user-agent-browser" "3.821.0"
    "@aws-sdk/util-user-agent-node" "3.821.0"
    "@smithy/config-resolver" "^4.1.4"
    "@smithy/core" "^3.5.1"
    "@smithy/fetch-http-handler" "^5.0.4"
    "@smithy/hash-node" "^4.0.4"
    "@smithy/invalid-dependency" "^4.0.4"
    "@smithy/middleware-content-length" "^4.0.4"
    "@smithy/middleware-endpoint" "^4.1.9"
    "@smithy/middleware-retry" "^4.1.10"
    "@smithy/middleware-serde" "^4.0.8"
    "@smithy/middleware-stack" "^4.0.4"
    "@smithy/node-config-provider" "^4.1.3"
    "@smithy/node-http-handler" "^4.0.6"
    "@smithy/protocol-http" "^5.1.2"
    "@smithy/smithy-client" "^4.4.1"
    "@smithy/types" "^4.3.1"
    "@smithy/url-parser" "^4.0.4"
    "@smithy/util-base64" "^4.0.0"
    "@smithy/util-body-length-browser" "^4.0.0"
    "@smithy/util-body-length-node" "^4.0.0"
    "@smithy/util-defaults-mode-browser" "^4.0.17"
    "@smithy/util-defaults-mode-node" "^4.0.17"
    "@smithy/util-endpoints" "^3.0.6"
    "@smithy/util-middleware" "^4.0.4"
    "@smithy/util-retry" "^4.0.5"
    "@smithy/util-utf8" "^4.0.0"
    "@smithy/util-waiter" "^4.0.5"
    "@types/uuid" "^9.0.1"
    tslib "^2.6.2"
    uuid "^9.0.1"

"@aws-sdk/client-sso@3.821.0":
  version "3.821.0"
  resolved "https://registry.yarnpkg.com/@aws-sdk/client-sso/-/client-sso-3.821.0.tgz#052187cf3322fba7fc0eb1fc781c77b7643998d6"
  integrity sha512-aDEBZUKUd/+Tvudi0d9KQlqt2OW2P27LATZX0jkNC8yVk4145bAPS04EYoqdKLuyUn/U33DibEOgKUpxZB12jQ==
  dependencies:
    "@aws-crypto/sha256-browser" "5.2.0"
    "@aws-crypto/sha256-js" "5.2.0"
    "@aws-sdk/core" "3.821.0"
    "@aws-sdk/middleware-host-header" "3.821.0"
    "@aws-sdk/middleware-logger" "3.821.0"
    "@aws-sdk/middleware-recursion-detection" "3.821.0"
    "@aws-sdk/middleware-user-agent" "3.821.0"
    "@aws-sdk/region-config-resolver" "3.821.0"
    "@aws-sdk/types" "3.821.0"
    "@aws-sdk/util-endpoints" "3.821.0"
    "@aws-sdk/util-user-agent-browser" "3.821.0"
    "@aws-sdk/util-user-agent-node" "3.821.0"
    "@smithy/config-resolver" "^4.1.4"
    "@smithy/core" "^3.5.1"
    "@smithy/fetch-http-handler" "^5.0.4"
    "@smithy/hash-node" "^4.0.4"
    "@smithy/invalid-dependency" "^4.0.4"
    "@smithy/middleware-content-length" "^4.0.4"
    "@smithy/middleware-endpoint" "^4.1.9"
    "@smithy/middleware-retry" "^4.1.10"
    "@smithy/middleware-serde" "^4.0.8"
    "@smithy/middleware-stack" "^4.0.4"
    "@smithy/node-config-provider" "^4.1.3"
    "@smithy/node-http-handler" "^4.0.6"
    "@smithy/protocol-http" "^5.1.2"
    "@smithy/smithy-client" "^4.4.1"
    "@smithy/types" "^4.3.1"
    "@smithy/url-parser" "^4.0.4"
    "@smithy/util-base64" "^4.0.0"
    "@smithy/util-body-length-browser" "^4.0.0"
    "@smithy/util-body-length-node" "^4.0.0"
    "@smithy/util-defaults-mode-browser" "^4.0.17"
    "@smithy/util-defaults-mode-node" "^4.0.17"
    "@smithy/util-endpoints" "^3.0.6"
    "@smithy/util-middleware" "^4.0.4"
    "@smithy/util-retry" "^4.0.5"
    "@smithy/util-utf8" "^4.0.0"
    tslib "^2.6.2"

"@aws-sdk/core@3.821.0":
  version "3.821.0"
  resolved "https://registry.yarnpkg.com/@aws-sdk/core/-/core-3.821.0.tgz#0e53a74d4c0857b72f93dd5f2bf3fe3fda4a85b9"
  integrity sha512-8eB3wKbmfciQFmxFq7hAjy7mXdUs7vBOR5SwT0ZtQBg0Txc18Lc9tMViqqdO6/KU7OukA6ib2IAVSjIJJEN7FQ==
  dependencies:
    "@aws-sdk/types" "3.821.0"
    "@smithy/core" "^3.5.1"
    "@smithy/node-config-provider" "^4.1.3"
    "@smithy/property-provider" "^4.0.4"
    "@smithy/protocol-http" "^5.1.2"
    "@smithy/signature-v4" "^5.1.2"
    "@smithy/smithy-client" "^4.4.1"
    "@smithy/types" "^4.3.1"
    "@smithy/util-middleware" "^4.0.4"
    fast-xml-parser "4.4.1"
    tslib "^2.6.2"

"@aws-sdk/credential-provider-env@3.821.0":
  version "3.821.0"
  resolved "https://registry.yarnpkg.com/@aws-sdk/credential-provider-env/-/credential-provider-env-3.821.0.tgz#900c63fe2e2c993c078aad2d6417273673d84f27"
  integrity sha512-C+s/A72pd7CXwEsJj9+Uq9T726iIfIF18hGRY8o82xcIEfOyakiPnlisku8zZOaAu+jm0CihbbYN4NyYNQ+HZQ==
  dependencies:
    "@aws-sdk/core" "3.821.0"
    "@aws-sdk/types" "3.821.0"
    "@smithy/property-provider" "^4.0.4"
    "@smithy/types" "^4.3.1"
    tslib "^2.6.2"

"@aws-sdk/credential-provider-http@3.821.0":
  version "3.821.0"
  resolved "https://registry.yarnpkg.com/@aws-sdk/credential-provider-http/-/credential-provider-http-3.821.0.tgz#357700d8961e5edaf98310b3b3eca8c869b5dc73"
  integrity sha512-gIRzTLnAsRfRSNarCag7G7rhcHagz4x5nNTWRihQs5cwTOghEExDy7Tj5m4TEkv3dcTAsNn+l4tnR4nZXo6R+Q==
  dependencies:
    "@aws-sdk/core" "3.821.0"
    "@aws-sdk/types" "3.821.0"
    "@smithy/fetch-http-handler" "^5.0.4"
    "@smithy/node-http-handler" "^4.0.6"
    "@smithy/property-provider" "^4.0.4"
    "@smithy/protocol-http" "^5.1.2"
    "@smithy/smithy-client" "^4.4.1"
    "@smithy/types" "^4.3.1"
    "@smithy/util-stream" "^4.2.2"
    tslib "^2.6.2"

"@aws-sdk/credential-provider-ini@3.821.0":
  version "3.821.0"
  resolved "https://registry.yarnpkg.com/@aws-sdk/credential-provider-ini/-/credential-provider-ini-3.821.0.tgz#d85b13f3918bb00da4f04beab52164598659b748"
  integrity sha512-VRTrmsca8kBHtY1tTek1ce+XkK/H0fzodBKcilM/qXjTyumMHPAzVAxKZfSvGC+28/pXyQzhOEyxZfw7giCiWA==
  dependencies:
    "@aws-sdk/core" "3.821.0"
    "@aws-sdk/credential-provider-env" "3.821.0"
    "@aws-sdk/credential-provider-http" "3.821.0"
    "@aws-sdk/credential-provider-process" "3.821.0"
    "@aws-sdk/credential-provider-sso" "3.821.0"
    "@aws-sdk/credential-provider-web-identity" "3.821.0"
    "@aws-sdk/nested-clients" "3.821.0"
    "@aws-sdk/types" "3.821.0"
    "@smithy/credential-provider-imds" "^4.0.6"
    "@smithy/property-provider" "^4.0.4"
    "@smithy/shared-ini-file-loader" "^4.0.4"
    "@smithy/types" "^4.3.1"
    tslib "^2.6.2"

"@aws-sdk/credential-provider-node@3.821.0", "@aws-sdk/credential-provider-node@^3.821.0":
  version "3.821.0"
  resolved "https://registry.yarnpkg.com/@aws-sdk/credential-provider-node/-/credential-provider-node-3.821.0.tgz#c126bcea304d2152b51e6130dd51e33e98b236df"
  integrity sha512-oBgbcgOXWMgknAfhIdTeHSSVIv+k2LXN9oTbxu1r++o4WWBWrEQ8mHU0Zo9dfr7Uaoqi3pezYZznsBkXnMLEOg==
  dependencies:
    "@aws-sdk/credential-provider-env" "3.821.0"
    "@aws-sdk/credential-provider-http" "3.821.0"
    "@aws-sdk/credential-provider-ini" "3.821.0"
    "@aws-sdk/credential-provider-process" "3.821.0"
    "@aws-sdk/credential-provider-sso" "3.821.0"
    "@aws-sdk/credential-provider-web-identity" "3.821.0"
    "@aws-sdk/types" "3.821.0"
    "@smithy/credential-provider-imds" "^4.0.6"
    "@smithy/property-provider" "^4.0.4"
    "@smithy/shared-ini-file-loader" "^4.0.4"
    "@smithy/types" "^4.3.1"
    tslib "^2.6.2"

"@aws-sdk/credential-provider-process@3.821.0":
  version "3.821.0"
  resolved "https://registry.yarnpkg.com/@aws-sdk/credential-provider-process/-/credential-provider-process-3.821.0.tgz#01604b80243c5462cd4d99ffeb77e27b75a70580"
  integrity sha512-e18ucfqKB3ICNj5RP/FEdvUfhVK6E9MALOsl8pKP13mwegug46p/1BsZWACD5n+Zf9ViiiHxIO7td03zQixfwA==
  dependencies:
    "@aws-sdk/core" "3.821.0"
    "@aws-sdk/types" "3.821.0"
    "@smithy/property-provider" "^4.0.4"
    "@smithy/shared-ini-file-loader" "^4.0.4"
    "@smithy/types" "^4.3.1"
    tslib "^2.6.2"

"@aws-sdk/credential-provider-sso@3.821.0":
  version "3.821.0"
  resolved "https://registry.yarnpkg.com/@aws-sdk/credential-provider-sso/-/credential-provider-sso-3.821.0.tgz#457b8e11ed7b8e7272049db1f522f45a80c73ee4"
  integrity sha512-Dt+pheBLom4O/egO4L75/72k9C1qtUOLl0F0h6lmqZe4Mvhz+wDtjoO/MdGC/P1q0kcIX/bBKr0NQ3cIvAH8pA==
  dependencies:
    "@aws-sdk/client-sso" "3.821.0"
    "@aws-sdk/core" "3.821.0"
    "@aws-sdk/token-providers" "3.821.0"
    "@aws-sdk/types" "3.821.0"
    "@smithy/property-provider" "^4.0.4"
    "@smithy/shared-ini-file-loader" "^4.0.4"
    "@smithy/types" "^4.3.1"
    tslib "^2.6.2"

"@aws-sdk/credential-provider-web-identity@3.821.0":
  version "3.821.0"
  resolved "https://registry.yarnpkg.com/@aws-sdk/credential-provider-web-identity/-/credential-provider-web-identity-3.821.0.tgz#44d16c1f0c2bc3d69ef479f7ed3f9ce04e849f73"
  integrity sha512-FF5wnRJkxSQaCVVvWNv53K1MhTMgH8d+O+MHTbkv51gVIgVATrtfFQMKBLcEAxzXrgAliIO3LiNv+1TqqBZ+BA==
  dependencies:
    "@aws-sdk/core" "3.821.0"
    "@aws-sdk/nested-clients" "3.821.0"
    "@aws-sdk/types" "3.821.0"
    "@smithy/property-provider" "^4.0.4"
    "@smithy/types" "^4.3.1"
    tslib "^2.6.2"

"@aws-sdk/middleware-host-header@3.821.0":
  version "3.821.0"
  resolved "https://registry.yarnpkg.com/@aws-sdk/middleware-host-header/-/middleware-host-header-3.821.0.tgz#1dfda8da4e0f9499648dab9a989d10706e289cc7"
  integrity sha512-xSMR+sopSeWGx5/4pAGhhfMvGBHioVBbqGvDs6pG64xfNwM5vq5s5v6D04e2i+uSTj4qGa71dLUs5I0UzAK3sw==
  dependencies:
    "@aws-sdk/types" "3.821.0"
    "@smithy/protocol-http" "^5.1.2"
    "@smithy/types" "^4.3.1"
    tslib "^2.6.2"

"@aws-sdk/middleware-logger@3.821.0":
  version "3.821.0"
  resolved "https://registry.yarnpkg.com/@aws-sdk/middleware-logger/-/middleware-logger-3.821.0.tgz#87067907a25cdc6c155d3a35fe32e399c1ef87e6"
  integrity sha512-0cvI0ipf2tGx7fXYEEN5fBeZDz2RnHyb9xftSgUsEq7NBxjV0yTZfLJw6Za5rjE6snC80dRN8+bTNR1tuG89zA==
  dependencies:
    "@aws-sdk/types" "3.821.0"
    "@smithy/types" "^4.3.1"
    tslib "^2.6.2"

"@aws-sdk/middleware-recursion-detection@3.821.0":
  version "3.821.0"
  resolved "https://registry.yarnpkg.com/@aws-sdk/middleware-recursion-detection/-/middleware-recursion-detection-3.821.0.tgz#bc34b08efc1e1af7b14a58023a79bfb75a0b64fa"
  integrity sha512-efmaifbhBoqKG3bAoEfDdcM8hn1psF+4qa7ykWuYmfmah59JBeqHLfz5W9m9JoTwoKPkFcVLWZxnyZzAnVBOIg==
  dependencies:
    "@aws-sdk/types" "3.821.0"
    "@smithy/protocol-http" "^5.1.2"
    "@smithy/types" "^4.3.1"
    tslib "^2.6.2"

"@aws-sdk/middleware-user-agent@3.821.0":
  version "3.821.0"
  resolved "https://registry.yarnpkg.com/@aws-sdk/middleware-user-agent/-/middleware-user-agent-3.821.0.tgz#bfe6a86cc16e14c4595931bd8894d2569f1e1dac"
  integrity sha512-rw8q3TxygMg3VrofN04QyWVCCyGwz3bVthYmBZZseENPWG3Krz1OCKcyqjkTcAxMQlEywOske+GIiOasGKnJ3w==
  dependencies:
    "@aws-sdk/core" "3.821.0"
    "@aws-sdk/types" "3.821.0"
    "@aws-sdk/util-endpoints" "3.821.0"
    "@smithy/core" "^3.5.1"
    "@smithy/protocol-http" "^5.1.2"
    "@smithy/types" "^4.3.1"
    tslib "^2.6.2"

"@aws-sdk/nested-clients@3.821.0":
  version "3.821.0"
  resolved "https://registry.yarnpkg.com/@aws-sdk/nested-clients/-/nested-clients-3.821.0.tgz#d979debfa401b4fc0b454c469e6c548b541d3cc8"
  integrity sha512-2IuHcUsWw44ftSEDYU4dvktTEqgyDvkOcfpoGC/UmT4Qo6TVCP3U5tWEGpNK9nN+7nLvekruxxG/jaMt5/oWVw==
  dependencies:
    "@aws-crypto/sha256-browser" "5.2.0"
    "@aws-crypto/sha256-js" "5.2.0"
    "@aws-sdk/core" "3.821.0"
    "@aws-sdk/middleware-host-header" "3.821.0"
    "@aws-sdk/middleware-logger" "3.821.0"
    "@aws-sdk/middleware-recursion-detection" "3.821.0"
    "@aws-sdk/middleware-user-agent" "3.821.0"
    "@aws-sdk/region-config-resolver" "3.821.0"
    "@aws-sdk/types" "3.821.0"
    "@aws-sdk/util-endpoints" "3.821.0"
    "@aws-sdk/util-user-agent-browser" "3.821.0"
    "@aws-sdk/util-user-agent-node" "3.821.0"
    "@smithy/config-resolver" "^4.1.4"
    "@smithy/core" "^3.5.1"
    "@smithy/fetch-http-handler" "^5.0.4"
    "@smithy/hash-node" "^4.0.4"
    "@smithy/invalid-dependency" "^4.0.4"
    "@smithy/middleware-content-length" "^4.0.4"
    "@smithy/middleware-endpoint" "^4.1.9"
    "@smithy/middleware-retry" "^4.1.10"
    "@smithy/middleware-serde" "^4.0.8"
    "@smithy/middleware-stack" "^4.0.4"
    "@smithy/node-config-provider" "^4.1.3"
    "@smithy/node-http-handler" "^4.0.6"
    "@smithy/protocol-http" "^5.1.2"
    "@smithy/smithy-client" "^4.4.1"
    "@smithy/types" "^4.3.1"
    "@smithy/url-parser" "^4.0.4"
    "@smithy/util-base64" "^4.0.0"
    "@smithy/util-body-length-browser" "^4.0.0"
    "@smithy/util-body-length-node" "^4.0.0"
    "@smithy/util-defaults-mode-browser" "^4.0.17"
    "@smithy/util-defaults-mode-node" "^4.0.17"
    "@smithy/util-endpoints" "^3.0.6"
    "@smithy/util-middleware" "^4.0.4"
    "@smithy/util-retry" "^4.0.5"
    "@smithy/util-utf8" "^4.0.0"
    tslib "^2.6.2"

"@aws-sdk/region-config-resolver@3.821.0":
  version "3.821.0"
  resolved "https://registry.yarnpkg.com/@aws-sdk/region-config-resolver/-/region-config-resolver-3.821.0.tgz#2f1cd54ca140cbdc821a604d8b20444f9b0b77cf"
  integrity sha512-t8og+lRCIIy5nlId0bScNpCkif8sc0LhmtaKsbm0ZPm3sCa/WhCbSZibjbZ28FNjVCV+p0D9RYZx0VDDbtWyjw==
  dependencies:
    "@aws-sdk/types" "3.821.0"
    "@smithy/node-config-provider" "^4.1.3"
    "@smithy/types" "^4.3.1"
    "@smithy/util-config-provider" "^4.0.0"
    "@smithy/util-middleware" "^4.0.4"
    tslib "^2.6.2"

"@aws-sdk/token-providers@3.821.0":
  version "3.821.0"
  resolved "https://registry.yarnpkg.com/@aws-sdk/token-providers/-/token-providers-3.821.0.tgz#38e515f1c4ce7c27f72a4b42b7a0d94f8c3e504d"
  integrity sha512-qJ7wgKhdxGbPg718zWXbCYKDuSWZNU3TSw64hPRW6FtbZrIyZxObpiTKC6DKwfsVoZZhHEoP/imGykN1OdOTJA==
  dependencies:
    "@aws-sdk/core" "3.821.0"
    "@aws-sdk/nested-clients" "3.821.0"
    "@aws-sdk/types" "3.821.0"
    "@smithy/property-provider" "^4.0.4"
    "@smithy/shared-ini-file-loader" "^4.0.4"
    "@smithy/types" "^4.3.1"
    tslib "^2.6.2"

"@aws-sdk/types@3.821.0", "@aws-sdk/types@^3.222.0":
  version "3.821.0"
  resolved "https://registry.yarnpkg.com/@aws-sdk/types/-/types-3.821.0.tgz#edfd4595208e4e9f24f397fbc8cb82e3ec336649"
  integrity sha512-Znroqdai1a90TlxGaJ+FK1lwC0fHpo97Xjsp5UKGR5JODYm7f9+/fF17ebO1KdoBr/Rm0UIFiF5VmI8ts9F1eA==
  dependencies:
    "@smithy/types" "^4.3.1"
    tslib "^2.6.2"

"@aws-sdk/util-endpoints@3.821.0":
  version "3.821.0"
  resolved "https://registry.yarnpkg.com/@aws-sdk/util-endpoints/-/util-endpoints-3.821.0.tgz#8883370bc3218e532fb9b7358e23369dc0a77201"
  integrity sha512-Uknt/zUZnLE76zaAAPEayOeF5/4IZ2puTFXvcSCWHsi9m3tqbb9UozlnlVqvCZLCRWfQryZQoG2W4XSS3qgk5A==
  dependencies:
    "@aws-sdk/types" "3.821.0"
    "@smithy/types" "^4.3.1"
    "@smithy/util-endpoints" "^3.0.6"
    tslib "^2.6.2"

"@aws-sdk/util-locate-window@^3.0.0":
  version "3.804.0"
  resolved "https://registry.yarnpkg.com/@aws-sdk/util-locate-window/-/util-locate-window-3.804.0.tgz#a2ee8dc5d9c98276986e8e1ba03c0c84d9afb0f5"
  integrity sha512-zVoRfpmBVPodYlnMjgVjfGoEZagyRF5IPn3Uo6ZvOZp24chnW/FRstH7ESDHDDRga4z3V+ElUQHKpFDXWyBW5A==
  dependencies:
    tslib "^2.6.2"

"@aws-sdk/util-user-agent-browser@3.821.0":
  version "3.821.0"
  resolved "https://registry.yarnpkg.com/@aws-sdk/util-user-agent-browser/-/util-user-agent-browser-3.821.0.tgz#32962fd3ae20986da128944b88a231508e017f5b"
  integrity sha512-irWZHyM0Jr1xhC+38OuZ7JB6OXMLPZlj48thElpsO1ZSLRkLZx5+I7VV6k3sp2yZ7BYbKz/G2ojSv4wdm7XTLw==
  dependencies:
    "@aws-sdk/types" "3.821.0"
    "@smithy/types" "^4.3.1"
    bowser "^2.11.0"
    tslib "^2.6.2"

"@aws-sdk/util-user-agent-node@3.821.0":
  version "3.821.0"
  resolved "https://registry.yarnpkg.com/@aws-sdk/util-user-agent-node/-/util-user-agent-node-3.821.0.tgz#7b2cda0bfbd8d47bcd7b0a09ecc6af316e7e0ca1"
  integrity sha512-YwMXc9EvuzJgnLBTyiQly2juPujXwDgcMHB0iSN92tHe7Dd1jJ1feBmTgdClaaqCeHFUaFpw+3JU/ZUJ6LjR+A==
  dependencies:
    "@aws-sdk/middleware-user-agent" "3.821.0"
    "@aws-sdk/types" "3.821.0"
    "@smithy/node-config-provider" "^4.1.3"
    "@smithy/types" "^4.3.1"
    tslib "^2.6.2"

"@opensearch-project/opensearch@^3.5.1":
  version "3.5.1"
  resolved "https://registry.yarnpkg.com/@opensearch-project/opensearch/-/opensearch-3.5.1.tgz#bec6e20c45d2ae57a3c6a167d3f508748f86ff69"
  integrity sha512-6bf+HcuERzAtHZxrm6phjref54ABse39BpkDie/YO3AUFMCBrb3SK5okKSdT5n3+nDRuEEQLhQCl0RQV3s1qpA==
  dependencies:
    aws4 "^1.11.0"
    debug "^4.3.1"
    hpagent "^1.2.0"
    json11 "^2.0.0"
    ms "^2.1.3"
    secure-json-parse "^2.4.0"

"@smithy/abort-controller@^4.0.4":
  version "4.0.4"
  resolved "https://registry.yarnpkg.com/@smithy/abort-controller/-/abort-controller-4.0.4.tgz#ab991d521fc78b5c7f24907fcd6803c0f2da51d9"
  integrity sha512-gJnEjZMvigPDQWHrW3oPrFhQtkrgqBkyjj3pCIdF3A5M6vsZODG93KNlfJprv6bp4245bdT32fsHK4kkH3KYDA==
  dependencies:
    "@smithy/types" "^4.3.1"
    tslib "^2.6.2"

"@smithy/config-resolver@^4.1.4":
  version "4.1.4"
  resolved "https://registry.yarnpkg.com/@smithy/config-resolver/-/config-resolver-4.1.4.tgz#05d8eab8bb8eb73bec90c222fc19ac5608b1384e"
  integrity sha512-prmU+rDddxHOH0oNcwemL+SwnzcG65sBF2yXRO7aeXIn/xTlq2pX7JLVbkBnVLowHLg4/OL4+jBmv9hVrVGS+w==
  dependencies:
    "@smithy/node-config-provider" "^4.1.3"
    "@smithy/types" "^4.3.1"
    "@smithy/util-config-provider" "^4.0.0"
    "@smithy/util-middleware" "^4.0.4"
    tslib "^2.6.2"

"@smithy/core@^3.5.1":
  version "3.5.1"
  resolved "https://registry.yarnpkg.com/@smithy/core/-/core-3.5.1.tgz#12f68b4605b8b374020723989d23464eb55cdd38"
  integrity sha512-xSw7bZEFKwOKrm/iv8e2BLt2ur98YZdrRD6nII8ditQeUsY2Q1JmIQ0rpILOhaLKYxxG2ivnoOpokzr9qLyDWA==
  dependencies:
    "@smithy/middleware-serde" "^4.0.8"
    "@smithy/protocol-http" "^5.1.2"
    "@smithy/types" "^4.3.1"
    "@smithy/util-base64" "^4.0.0"
    "@smithy/util-body-length-browser" "^4.0.0"
    "@smithy/util-middleware" "^4.0.4"
    "@smithy/util-stream" "^4.2.2"
    "@smithy/util-utf8" "^4.0.0"
    tslib "^2.6.2"

"@smithy/credential-provider-imds@^4.0.6":
  version "4.0.6"
  resolved "https://registry.yarnpkg.com/@smithy/credential-provider-imds/-/credential-provider-imds-4.0.6.tgz#4cfd79a619cdbc9a75fcdc51a1193685f6a8944e"
  integrity sha512-hKMWcANhUiNbCJouYkZ9V3+/Qf9pteR1dnwgdyzR09R4ODEYx8BbUysHwRSyex4rZ9zapddZhLFTnT4ZijR4pw==
  dependencies:
    "@smithy/node-config-provider" "^4.1.3"
    "@smithy/property-provider" "^4.0.4"
    "@smithy/types" "^4.3.1"
    "@smithy/url-parser" "^4.0.4"
    tslib "^2.6.2"

"@smithy/fetch-http-handler@^5.0.4":
  version "5.0.4"
  resolved "https://registry.yarnpkg.com/@smithy/fetch-http-handler/-/fetch-http-handler-5.0.4.tgz#c68601b4676787e049b5d464d5f4b825dbb44013"
  integrity sha512-AMtBR5pHppYMVD7z7G+OlHHAcgAN7v0kVKEpHuTO4Gb199Gowh0taYi9oDStFeUhetkeP55JLSVlTW1n9rFtUw==
  dependencies:
    "@smithy/protocol-http" "^5.1.2"
    "@smithy/querystring-builder" "^4.0.4"
    "@smithy/types" "^4.3.1"
    "@smithy/util-base64" "^4.0.0"
    tslib "^2.6.2"

"@smithy/hash-node@^4.0.4":
  version "4.0.4"
  resolved "https://registry.yarnpkg.com/@smithy/hash-node/-/hash-node-4.0.4.tgz#f867cfe6b702ed8893aacd3e097f8ca8ecba579e"
  integrity sha512-qnbTPUhCVnCgBp4z4BUJUhOEkVwxiEi1cyFM+Zj6o+aY8OFGxUQleKWq8ltgp3dujuhXojIvJWdoqpm6dVO3lQ==
  dependencies:
    "@smithy/types" "^4.3.1"
    "@smithy/util-buffer-from" "^4.0.0"
    "@smithy/util-utf8" "^4.0.0"
    tslib "^2.6.2"

"@smithy/invalid-dependency@^4.0.4":
  version "4.0.4"
  resolved "https://registry.yarnpkg.com/@smithy/invalid-dependency/-/invalid-dependency-4.0.4.tgz#8c2c539b2f22e857b4652bd2427a3d7a8befd610"
  integrity sha512-bNYMi7WKTJHu0gn26wg8OscncTt1t2b8KcsZxvOv56XA6cyXtOAAAaNP7+m45xfppXfOatXF3Sb1MNsLUgVLTw==
  dependencies:
    "@smithy/types" "^4.3.1"
    tslib "^2.6.2"

"@smithy/is-array-buffer@^2.2.0":
  version "2.2.0"
  resolved "https://registry.yarnpkg.com/@smithy/is-array-buffer/-/is-array-buffer-2.2.0.tgz#f84f0d9f9a36601a9ca9381688bd1b726fd39111"
  integrity sha512-GGP3O9QFD24uGeAXYUjwSTXARoqpZykHadOmA8G5vfJPK0/DC67qa//0qvqrJzL1xc8WQWX7/yc7fwudjPHPhA==
  dependencies:
    tslib "^2.6.2"

"@smithy/is-array-buffer@^4.0.0":
  version "4.0.0"
  resolved "https://registry.yarnpkg.com/@smithy/is-array-buffer/-/is-array-buffer-4.0.0.tgz#55a939029321fec462bcc574890075cd63e94206"
  integrity sha512-saYhF8ZZNoJDTvJBEWgeBccCg+yvp1CX+ed12yORU3NilJScfc6gfch2oVb4QgxZrGUx3/ZJlb+c/dJbyupxlw==
  dependencies:
    tslib "^2.6.2"

"@smithy/middleware-content-length@^4.0.4":
  version "4.0.4"
  resolved "https://registry.yarnpkg.com/@smithy/middleware-content-length/-/middleware-content-length-4.0.4.tgz#fad1f125779daf8d5f261dae6dbebba0f60c234b"
  integrity sha512-F7gDyfI2BB1Kc+4M6rpuOLne5LOcEknH1n6UQB69qv+HucXBR1rkzXBnQTB2q46sFy1PM/zuSJOB532yc8bg3w==
  dependencies:
    "@smithy/protocol-http" "^5.1.2"
    "@smithy/types" "^4.3.1"
    tslib "^2.6.2"

"@smithy/middleware-endpoint@^4.1.9":
  version "4.1.9"
  resolved "https://registry.yarnpkg.com/@smithy/middleware-endpoint/-/middleware-endpoint-4.1.9.tgz#217020b4c29605e73b953da47202aa1f30c28fdf"
  integrity sha512-AjDgX4UjORLltD/LZCBQTwjQqEfyrx/GeDTHcYLzIgf87pIT70tMWnN87NQpJru1K4ITirY2htSOxNECZJCBOg==
  dependencies:
    "@smithy/core" "^3.5.1"
    "@smithy/middleware-serde" "^4.0.8"
    "@smithy/node-config-provider" "^4.1.3"
    "@smithy/shared-ini-file-loader" "^4.0.4"
    "@smithy/types" "^4.3.1"
    "@smithy/url-parser" "^4.0.4"
    "@smithy/util-middleware" "^4.0.4"
    tslib "^2.6.2"

"@smithy/middleware-retry@^4.1.10":
  version "4.1.10"
  resolved "https://registry.yarnpkg.com/@smithy/middleware-retry/-/middleware-retry-4.1.10.tgz#f3b8442b29c8bbd5ec2fdf1b033e443ff7b3bdbc"
  integrity sha512-RyhcA3sZIIvAo6r48b2Nx2qfg0OnyohlaV0fw415xrQyx5HQ2bvHl9vs/WBiDXIP49mCfws5wX4308c9Pi/isw==
  dependencies:
    "@smithy/node-config-provider" "^4.1.3"
    "@smithy/protocol-http" "^5.1.2"
    "@smithy/service-error-classification" "^4.0.5"
    "@smithy/smithy-client" "^4.4.1"
    "@smithy/types" "^4.3.1"
    "@smithy/util-middleware" "^4.0.4"
    "@smithy/util-retry" "^4.0.5"
    tslib "^2.6.2"
    uuid "^9.0.1"

"@smithy/middleware-serde@^4.0.8":
  version "4.0.8"
  resolved "https://registry.yarnpkg.com/@smithy/middleware-serde/-/middleware-serde-4.0.8.tgz#3704c8cc46acd0a7f910a78ee1d2f23ce928701f"
  integrity sha512-iSSl7HJoJaGyMIoNn2B7czghOVwJ9nD7TMvLhMWeSB5vt0TnEYyRRqPJu/TqW76WScaNvYYB8nRoiBHR9S1Ddw==
  dependencies:
    "@smithy/protocol-http" "^5.1.2"
    "@smithy/types" "^4.3.1"
    tslib "^2.6.2"

"@smithy/middleware-stack@^4.0.4":
  version "4.0.4"
  resolved "https://registry.yarnpkg.com/@smithy/middleware-stack/-/middleware-stack-4.0.4.tgz#58e0c6a0d7678c6ad4d6af8dd9a00f749ffac7c5"
  integrity sha512-kagK5ggDrBUCCzI93ft6DjteNSfY8Ulr83UtySog/h09lTIOAJ/xUSObutanlPT0nhoHAkpmW9V5K8oPyLh+QA==
  dependencies:
    "@smithy/types" "^4.3.1"
    tslib "^2.6.2"

"@smithy/node-config-provider@^4.1.3":
  version "4.1.3"
  resolved "https://registry.yarnpkg.com/@smithy/node-config-provider/-/node-config-provider-4.1.3.tgz#6626fe26c6fe7b0df34f71cb72764ccba414a815"
  integrity sha512-HGHQr2s59qaU1lrVH6MbLlmOBxadtzTsoO4c+bF5asdgVik3I8o7JIOzoeqWc5MjVa+vD36/LWE0iXKpNqooRw==
  dependencies:
    "@smithy/property-provider" "^4.0.4"
    "@smithy/shared-ini-file-loader" "^4.0.4"
    "@smithy/types" "^4.3.1"
    tslib "^2.6.2"

"@smithy/node-http-handler@^4.0.6":
  version "4.0.6"
  resolved "https://registry.yarnpkg.com/@smithy/node-http-handler/-/node-http-handler-4.0.6.tgz#a022da499ba3af4b6b4c815104fde973c0eccc40"
  integrity sha512-NqbmSz7AW2rvw4kXhKGrYTiJVDHnMsFnX4i+/FzcZAfbOBauPYs2ekuECkSbtqaxETLLTu9Rl/ex6+I2BKErPA==
  dependencies:
    "@smithy/abort-controller" "^4.0.4"
    "@smithy/protocol-http" "^5.1.2"
    "@smithy/querystring-builder" "^4.0.4"
    "@smithy/types" "^4.3.1"
    tslib "^2.6.2"

"@smithy/property-provider@^4.0.4":
  version "4.0.4"
  resolved "https://registry.yarnpkg.com/@smithy/property-provider/-/property-provider-4.0.4.tgz#303a8fd99665fff61eeb6ec3922eee53838962c5"
  integrity sha512-qHJ2sSgu4FqF4U/5UUp4DhXNmdTrgmoAai6oQiM+c5RZ/sbDwJ12qxB1M6FnP+Tn/ggkPZf9ccn4jqKSINaquw==
  dependencies:
    "@smithy/types" "^4.3.1"
    tslib "^2.6.2"

"@smithy/protocol-http@^5.1.2":
  version "5.1.2"
  resolved "https://registry.yarnpkg.com/@smithy/protocol-http/-/protocol-http-5.1.2.tgz#8094860c2407f250b80c95899e0385112d6eb98b"
  integrity sha512-rOG5cNLBXovxIrICSBm95dLqzfvxjEmuZx4KK3hWwPFHGdW3lxY0fZNXfv2zebfRO7sJZ5pKJYHScsqopeIWtQ==
  dependencies:
    "@smithy/types" "^4.3.1"
    tslib "^2.6.2"

"@smithy/querystring-builder@^4.0.4":
  version "4.0.4"
  resolved "https://registry.yarnpkg.com/@smithy/querystring-builder/-/querystring-builder-4.0.4.tgz#f7546efd59d457b3d2525a330c6137e5f907864c"
  integrity sha512-SwREZcDnEYoh9tLNgMbpop+UTGq44Hl9tdj3rf+yeLcfH7+J8OXEBaMc2kDxtyRHu8BhSg9ADEx0gFHvpJgU8w==
  dependencies:
    "@smithy/types" "^4.3.1"
    "@smithy/util-uri-escape" "^4.0.0"
    tslib "^2.6.2"

"@smithy/querystring-parser@^4.0.4":
  version "4.0.4"
  resolved "https://registry.yarnpkg.com/@smithy/querystring-parser/-/querystring-parser-4.0.4.tgz#307ab95ee5f1a142ab46c2eddebeae68cb2f703d"
  integrity sha512-6yZf53i/qB8gRHH/l2ZwUG5xgkPgQF15/KxH0DdXMDHjesA9MeZje/853ifkSY0x4m5S+dfDZ+c4x439PF0M2w==
  dependencies:
    "@smithy/types" "^4.3.1"
    tslib "^2.6.2"

"@smithy/service-error-classification@^4.0.5":
  version "4.0.5"
  resolved "https://registry.yarnpkg.com/@smithy/service-error-classification/-/service-error-classification-4.0.5.tgz#cd912cdd0510de9369db6a4d34dc36f36de54a59"
  integrity sha512-LvcfhrnCBvCmTee81pRlh1F39yTS/+kYleVeLCwNtkY8wtGg8V/ca9rbZZvYIl8OjlMtL6KIjaiL/lgVqHD2nA==
  dependencies:
    "@smithy/types" "^4.3.1"

"@smithy/shared-ini-file-loader@^4.0.4":
  version "4.0.4"
  resolved "https://registry.yarnpkg.com/@smithy/shared-ini-file-loader/-/shared-ini-file-loader-4.0.4.tgz#33c63468b95cfd5e7d642c8131d7acc034025e00"
  integrity sha512-63X0260LoFBjrHifPDs+nM9tV0VMkOTl4JRMYNuKh/f5PauSjowTfvF3LogfkWdcPoxsA9UjqEOgjeYIbhb7Nw==
  dependencies:
    "@smithy/types" "^4.3.1"
    tslib "^2.6.2"

"@smithy/signature-v4@^5.1.2":
  version "5.1.2"
  resolved "https://registry.yarnpkg.com/@smithy/signature-v4/-/signature-v4-5.1.2.tgz#5afd9d428bd26bb660bee8075b6e89fe93600c22"
  integrity sha512-d3+U/VpX7a60seHziWnVZOHuEgJlclufjkS6zhXvxcJgkJq4UWdH5eOBLzHRMx6gXjsdT9h6lfpmLzbrdupHgQ==
  dependencies:
    "@smithy/is-array-buffer" "^4.0.0"
    "@smithy/protocol-http" "^5.1.2"
    "@smithy/types" "^4.3.1"
    "@smithy/util-hex-encoding" "^4.0.0"
    "@smithy/util-middleware" "^4.0.4"
    "@smithy/util-uri-escape" "^4.0.0"
    "@smithy/util-utf8" "^4.0.0"
    tslib "^2.6.2"

"@smithy/smithy-client@^4.4.1":
  version "4.4.1"
  resolved "https://registry.yarnpkg.com/@smithy/smithy-client/-/smithy-client-4.4.1.tgz#4725d5339393f3dae37f3934a6d79b9934fbf496"
  integrity sha512-XPbcHRfd0iwx8dY5XCBCGyI7uweMW0oezYezxXcG8ANgvZ5YPuC6Ylh+n0bTHpdU3SCMZOnhzgVklYz+p3fIhw==
  dependencies:
    "@smithy/core" "^3.5.1"
    "@smithy/middleware-endpoint" "^4.1.9"
    "@smithy/middleware-stack" "^4.0.4"
    "@smithy/protocol-http" "^5.1.2"
    "@smithy/types" "^4.3.1"
    "@smithy/util-stream" "^4.2.2"
    tslib "^2.6.2"

"@smithy/types@^4.3.1":
  version "4.3.1"
  resolved "https://registry.yarnpkg.com/@smithy/types/-/types-4.3.1.tgz#c11276ea16235d798f47a68aef9f44d3dbb70dd4"
  integrity sha512-UqKOQBL2x6+HWl3P+3QqFD4ncKq0I8Nuz9QItGv5WuKuMHuuwlhvqcZCoXGfc+P1QmfJE7VieykoYYmrOoFJxA==
  dependencies:
    tslib "^2.6.2"

"@smithy/url-parser@^4.0.4":
  version "4.0.4"
  resolved "https://registry.yarnpkg.com/@smithy/url-parser/-/url-parser-4.0.4.tgz#049143f4c156356e177bd69242675db26fe4f4db"
  integrity sha512-eMkc144MuN7B0TDA4U2fKs+BqczVbk3W+qIvcoCY6D1JY3hnAdCuhCZODC+GAeaxj0p6Jroz4+XMUn3PCxQQeQ==
  dependencies:
    "@smithy/querystring-parser" "^4.0.4"
    "@smithy/types" "^4.3.1"
    tslib "^2.6.2"

"@smithy/util-base64@^4.0.0":
  version "4.0.0"
  resolved "https://registry.yarnpkg.com/@smithy/util-base64/-/util-base64-4.0.0.tgz#8345f1b837e5f636e5f8470c4d1706ae0c6d0358"
  integrity sha512-CvHfCmO2mchox9kjrtzoHkWHxjHZzaFojLc8quxXY7WAAMAg43nuxwv95tATVgQFNDwd4M9S1qFzj40Ul41Kmg==
  dependencies:
    "@smithy/util-buffer-from" "^4.0.0"
    "@smithy/util-utf8" "^4.0.0"
    tslib "^2.6.2"

"@smithy/util-body-length-browser@^4.0.0":
  version "4.0.0"
  resolved "https://registry.yarnpkg.com/@smithy/util-body-length-browser/-/util-body-length-browser-4.0.0.tgz#965d19109a4b1e5fe7a43f813522cce718036ded"
  integrity sha512-sNi3DL0/k64/LO3A256M+m3CDdG6V7WKWHdAiBBMUN8S3hK3aMPhwnPik2A/a2ONN+9doY9UxaLfgqsIRg69QA==
  dependencies:
    tslib "^2.6.2"

"@smithy/util-body-length-node@^4.0.0":
  version "4.0.0"
  resolved "https://registry.yarnpkg.com/@smithy/util-body-length-node/-/util-body-length-node-4.0.0.tgz#3db245f6844a9b1e218e30c93305bfe2ffa473b3"
  integrity sha512-q0iDP3VsZzqJyje8xJWEJCNIu3lktUGVoSy1KB0UWym2CL1siV3artm+u1DFYTLejpsrdGyCSWBdGNjJzfDPjg==
  dependencies:
    tslib "^2.6.2"

"@smithy/util-buffer-from@^2.2.0":
  version "2.2.0"
  resolved "https://registry.yarnpkg.com/@smithy/util-buffer-from/-/util-buffer-from-2.2.0.tgz#6fc88585165ec73f8681d426d96de5d402021e4b"
  integrity sha512-IJdWBbTcMQ6DA0gdNhh/BwrLkDR+ADW5Kr1aZmd4k3DIF6ezMV4R2NIAmT08wQJ3yUK82thHWmC/TnK/wpMMIA==
  dependencies:
    "@smithy/is-array-buffer" "^2.2.0"
    tslib "^2.6.2"

"@smithy/util-buffer-from@^4.0.0":
  version "4.0.0"
  resolved "https://registry.yarnpkg.com/@smithy/util-buffer-from/-/util-buffer-from-4.0.0.tgz#b23b7deb4f3923e84ef50c8b2c5863d0dbf6c0b9"
  integrity sha512-9TOQ7781sZvddgO8nxueKi3+yGvkY35kotA0Y6BWRajAv8jjmigQ1sBwz0UX47pQMYXJPahSKEKYFgt+rXdcug==
  dependencies:
    "@smithy/is-array-buffer" "^4.0.0"
    tslib "^2.6.2"

"@smithy/util-config-provider@^4.0.0":
  version "4.0.0"
  resolved "https://registry.yarnpkg.com/@smithy/util-config-provider/-/util-config-provider-4.0.0.tgz#e0c7c8124c7fba0b696f78f0bd0ccb060997d45e"
  integrity sha512-L1RBVzLyfE8OXH+1hsJ8p+acNUSirQnWQ6/EgpchV88G6zGBTDPdXiiExei6Z1wR2RxYvxY/XLw6AMNCCt8H3w==
  dependencies:
    tslib "^2.6.2"

"@smithy/util-defaults-mode-browser@^4.0.17":
  version "4.0.17"
  resolved "https://registry.yarnpkg.com/@smithy/util-defaults-mode-browser/-/util-defaults-mode-browser-4.0.17.tgz#9389485ad47119b51e888ea1a4fdfa23c040c4a9"
  integrity sha512-HXq5181qnXmIwB7VrwqwP8rsJybHMoYuJnNoXy4PROs2pfSI4sWDMASF2i+7Lo+u64Y6xowhegcdxczowgJtZg==
  dependencies:
    "@smithy/property-provider" "^4.0.4"
    "@smithy/smithy-client" "^4.4.1"
    "@smithy/types" "^4.3.1"
    bowser "^2.11.0"
    tslib "^2.6.2"

"@smithy/util-defaults-mode-node@^4.0.17":
  version "4.0.17"
  resolved "https://registry.yarnpkg.com/@smithy/util-defaults-mode-node/-/util-defaults-mode-node-4.0.17.tgz#5a5f12ad57e775b7fc227dd6975baa4f51a318f3"
  integrity sha512-RfU2A5LjFhEHw4Nwl1GZNitK4AUWu5jGtigAUDoQtfDUvYHpQxcuLw2QGAdKDtKRflIiHSZ8wXBDR36H9R2Ang==
  dependencies:
    "@smithy/config-resolver" "^4.1.4"
    "@smithy/credential-provider-imds" "^4.0.6"
    "@smithy/node-config-provider" "^4.1.3"
    "@smithy/property-provider" "^4.0.4"
    "@smithy/smithy-client" "^4.4.1"
    "@smithy/types" "^4.3.1"
    tslib "^2.6.2"

"@smithy/util-endpoints@^3.0.6":
  version "3.0.6"
  resolved "https://registry.yarnpkg.com/@smithy/util-endpoints/-/util-endpoints-3.0.6.tgz#a24b0801a1b94c0de26ad83da206b9add68117f2"
  integrity sha512-YARl3tFL3WgPuLzljRUnrS2ngLiUtkwhQtj8PAL13XZSyUiNLQxwG3fBBq3QXFqGFUXepIN73pINp3y8c2nBmA==
  dependencies:
    "@smithy/node-config-provider" "^4.1.3"
    "@smithy/types" "^4.3.1"
    tslib "^2.6.2"

"@smithy/util-hex-encoding@^4.0.0":
  version "4.0.0"
  resolved "https://registry.yarnpkg.com/@smithy/util-hex-encoding/-/util-hex-encoding-4.0.0.tgz#dd449a6452cffb37c5b1807ec2525bb4be551e8d"
  integrity sha512-Yk5mLhHtfIgW2W2WQZWSg5kuMZCVbvhFmC7rV4IO2QqnZdbEFPmQnCcGMAX2z/8Qj3B9hYYNjZOhWym+RwhePw==
  dependencies:
    tslib "^2.6.2"

"@smithy/util-middleware@^4.0.4":
  version "4.0.4"
  resolved "https://registry.yarnpkg.com/@smithy/util-middleware/-/util-middleware-4.0.4.tgz#8f639de049082c687841ea5e69c6c36e12e31a3c"
  integrity sha512-9MLKmkBmf4PRb0ONJikCbCwORACcil6gUWojwARCClT7RmLzF04hUR4WdRprIXal7XVyrddadYNfp2eF3nrvtQ==
  dependencies:
    "@smithy/types" "^4.3.1"
    tslib "^2.6.2"

"@smithy/util-retry@^4.0.5":
  version "4.0.5"
  resolved "https://registry.yarnpkg.com/@smithy/util-retry/-/util-retry-4.0.5.tgz#58eea5bb1869745dac28a3f81a5904f225ec1207"
  integrity sha512-V7MSjVDTlEt/plmOFBn1762Dyu5uqMrV2Pl2X0dYk4XvWfdWJNe9Bs5Bzb56wkCuiWjSfClVMGcsuKrGj7S/yg==
  dependencies:
    "@smithy/service-error-classification" "^4.0.5"
    "@smithy/types" "^4.3.1"
    tslib "^2.6.2"

"@smithy/util-stream@^4.2.2":
  version "4.2.2"
  resolved "https://registry.yarnpkg.com/@smithy/util-stream/-/util-stream-4.2.2.tgz#beeb1edf690db9b7d7983f46ca4fb66e22253608"
  integrity sha512-aI+GLi7MJoVxg24/3J1ipwLoYzgkB4kUfogZfnslcYlynj3xsQ0e7vk4TnTro9hhsS5PvX1mwmkRqqHQjwcU7w==
  dependencies:
    "@smithy/fetch-http-handler" "^5.0.4"
    "@smithy/node-http-handler" "^4.0.6"
    "@smithy/types" "^4.3.1"
    "@smithy/util-base64" "^4.0.0"
    "@smithy/util-buffer-from" "^4.0.0"
    "@smithy/util-hex-encoding" "^4.0.0"
    "@smithy/util-utf8" "^4.0.0"
    tslib "^2.6.2"

"@smithy/util-uri-escape@^4.0.0":
  version "4.0.0"
  resolved "https://registry.yarnpkg.com/@smithy/util-uri-escape/-/util-uri-escape-4.0.0.tgz#a96c160c76f3552458a44d8081fade519d214737"
  integrity sha512-77yfbCbQMtgtTylO9itEAdpPXSog3ZxMe09AEhm0dU0NLTalV70ghDZFR+Nfi1C60jnJoh/Re4090/DuZh2Omg==
  dependencies:
    tslib "^2.6.2"

"@smithy/util-utf8@^2.0.0":
  version "2.3.0"
  resolved "https://registry.yarnpkg.com/@smithy/util-utf8/-/util-utf8-2.3.0.tgz#dd96d7640363259924a214313c3cf16e7dd329c5"
  integrity sha512-R8Rdn8Hy72KKcebgLiv8jQcQkXoLMOGGv5uI1/k0l+snqkOzQ1R0ChUBCxWMlBsFMekWjq0wRudIweFs7sKT5A==
  dependencies:
    "@smithy/util-buffer-from" "^2.2.0"
    tslib "^2.6.2"

"@smithy/util-utf8@^4.0.0":
  version "4.0.0"
  resolved "https://registry.yarnpkg.com/@smithy/util-utf8/-/util-utf8-4.0.0.tgz#09ca2d9965e5849e72e347c130f2a29d5c0c863c"
  integrity sha512-b+zebfKCfRdgNJDknHCob3O7FpeYQN6ZG6YLExMcasDHsCXlsXCEuiPZeLnJLpwa5dvPetGlnGCiMHuLwGvFow==
  dependencies:
    "@smithy/util-buffer-from" "^4.0.0"
    tslib "^2.6.2"

"@smithy/util-waiter@^4.0.5":
  version "4.0.5"
  resolved "https://registry.yarnpkg.com/@smithy/util-waiter/-/util-waiter-4.0.5.tgz#cc7c65c86f5f8330445e27f9cc47d42c53c69bb7"
  integrity sha512-4QvC49HTteI1gfemu0I1syWovJgPvGn7CVUoN9ZFkdvr/cCFkrEL7qNCdx/2eICqDWEGnnr68oMdSIPCLAriSQ==
  dependencies:
    "@smithy/abort-controller" "^4.0.4"
    "@smithy/types" "^4.3.1"
    tslib "^2.6.2"

"@types/uuid@^9.0.1":
  version "9.0.8"
  resolved "https://registry.yarnpkg.com/@types/uuid/-/uuid-9.0.8.tgz#7545ba4fc3c003d6c756f651f3bf163d8f0f29ba"
  integrity sha512-jg+97EGIcY9AGHJJRaaPVgetKDsrTgbRjQ5Msgjh/DQKEFl0DtyRr/VCOyD1T2R1MNeWPK/u7JoGhlDZnKBAfA==

aws4@^1.11.0:
  version "1.13.2"
  resolved "https://registry.yarnpkg.com/aws4/-/aws4-1.13.2.tgz#0aa167216965ac9474ccfa83892cfb6b3e1e52ef"
  integrity sha512-lHe62zvbTB5eEABUVi/AwVh0ZKY9rMMDhmm+eeyuuUQbQ3+J+fONVQOZyj+DdrvD4BY33uYniyRJ4UJIaSKAfw==

bowser@^2.11.0:
  version "2.11.0"
  resolved "https://registry.yarnpkg.com/bowser/-/bowser-2.11.0.tgz#5ca3c35757a7aa5771500c70a73a9f91ef420a8f"
  integrity sha512-AlcaJBi/pqqJBIQ8U9Mcpc9i8Aqxn88Skv5d+xBX006BY5u8N3mGLHa5Lgppa7L/HfwgwLgZ6NYs+Ag6uUmJRA==

debug@^4.3.1:
  version "4.4.1"
  resolved "https://registry.yarnpkg.com/debug/-/debug-4.4.1.tgz#e5a8bc6cbc4c6cd3e64308b0693a3d4fa550189b"
  integrity sha512-KcKCqiftBJcZr++7ykoDIEwSa3XWowTfNPo92BYxjXiyYEVrUQh2aLyhxBCwww+heortUFxEJYcRzosstTEBYQ==
  dependencies:
    ms "^2.1.3"

deepmerge@^4.2.2:
  version "4.3.1"
  resolved "https://registry.yarnpkg.com/deepmerge/-/deepmerge-4.3.1.tgz#44b5f2147cd3b00d4b56137685966f26fd25dd4a"
  integrity sha512-3sUqbMEc77XqpdNO7FRyRog+eW3ph+GYCbj+rK+uYyRMuwsVy0rMiVtPn+QJlKFvWP/1PYpapqYn0Me2knFn+A==

dom-serializer@^2.0.0:
  version "2.0.0"
  resolved "https://registry.yarnpkg.com/dom-serializer/-/dom-serializer-2.0.0.tgz#e41b802e1eedf9f6cae183ce5e622d789d7d8e53"
  integrity sha512-wIkAryiqt/nV5EQKqQpo3SToSOV9J0DnbJqwK7Wv/Trc92zIAYZ4FlMu+JPFW1DfGFt81ZTCGgDEabffXeLyJg==
  dependencies:
    domelementtype "^2.3.0"
    domhandler "^5.0.2"
    entities "^4.2.0"

domelementtype@^2.3.0:
  version "2.3.0"
  resolved "https://registry.yarnpkg.com/domelementtype/-/domelementtype-2.3.0.tgz#5c45e8e869952626331d7aab326d01daf65d589d"
  integrity sha512-OLETBj6w0OsagBwdXnPdN0cnMfF9opN69co+7ZrbfPGrdpPVNBUj02spi6B1N7wChLQiPn4CSH/zJvXw56gmHw==

domhandler@^5.0.2, domhandler@^5.0.3:
  version "5.0.3"
  resolved "https://registry.yarnpkg.com/domhandler/-/domhandler-5.0.3.tgz#cc385f7f751f1d1fc650c21374804254538c7d31"
  integrity sha512-cgwlv/1iFQiFnU96XXgROh8xTeetsnJiDsTc7TYCLFd9+/WNkIqPTxiM/8pSd8VIrhXGTf1Ny1q1hquVqDJB5w==
  dependencies:
    domelementtype "^2.3.0"

domutils@^3.0.1:
  version "3.2.2"
  resolved "https://registry.yarnpkg.com/domutils/-/domutils-3.2.2.tgz#edbfe2b668b0c1d97c24baf0f1062b132221bc78"
  integrity sha512-6kZKyUajlDuqlHKVX1w7gyslj9MPIXzIFiz/rGu35uC1wMi+kMhQwGhl4lt9unC9Vb9INnY9Z3/ZA3+FhASLaw==
  dependencies:
    dom-serializer "^2.0.0"
    domelementtype "^2.3.0"
    domhandler "^5.0.3"

entities@^4.2.0, entities@^4.4.0:
  version "4.5.0"
  resolved "https://registry.yarnpkg.com/entities/-/entities-4.5.0.tgz#5d268ea5e7113ec74c4d033b79ea5a35a488fb48"
  integrity sha512-V0hjH4dGPh9Ao5p0MoRY6BVqtwCjhz6vI5LT8AJ55H+4g9/4vbHx1I54fS0XuclLhDHArPQCiMjDxjaL8fPxhw==

escape-string-regexp@^4.0.0:
  version "4.0.0"
  resolved "https://registry.yarnpkg.com/escape-string-regexp/-/escape-string-regexp-4.0.0.tgz#14ba83a5d373e3d311e5afca29cf5bfad965bf34"
  integrity sha512-TtpcNJ3XAzx3Gq8sWRzJaVajRs0uVxA2YAkdb1jm2YkPz4G6egUFAyA3n5vtEIZefPk5Wa4UXbKuS5fKkJWdgA==

fast-xml-parser@4.4.1:
  version "4.4.1"
  resolved "https://registry.yarnpkg.com/fast-xml-parser/-/fast-xml-parser-4.4.1.tgz#86dbf3f18edf8739326447bcaac31b4ae7f6514f"
  integrity sha512-xkjOecfnKGkSsOwtZ5Pz7Us/T6mrbPQrq0nh+aCO5V9nk5NLWmasAHumTKjiPJPWANe+kAZ84Jc8ooJkzZ88Sw==
  dependencies:
    strnum "^1.0.5"

hpagent@^1.2.0:
  version "1.2.0"
  resolved "https://registry.yarnpkg.com/hpagent/-/hpagent-1.2.0.tgz#0ae417895430eb3770c03443456b8d90ca464903"
  integrity sha512-A91dYTeIB6NoXG+PxTQpCCDDnfHsW9kc06Lvpu1TEe9gnd6ZFeiBoRO9JvzEv6xK7EX97/dUE8g/vBMTqTS3CA==

htmlparser2@^8.0.0:
  version "8.0.2"
  resolved "https://registry.yarnpkg.com/htmlparser2/-/htmlparser2-8.0.2.tgz#f002151705b383e62433b5cf466f5b716edaec21"
  integrity sha512-GYdjWKDkbRLkZ5geuHs5NY1puJ+PXwP7+fHPRz06Eirsb9ugf6d8kkXav6ADhcODhFFPMIXyxkxSuMf3D6NCFA==
  dependencies:
    domelementtype "^2.3.0"
    domhandler "^5.0.3"
    domutils "^3.0.1"
    entities "^4.4.0"

is-plain-object@^5.0.0:
  version "5.0.0"
  resolved "https://registry.yarnpkg.com/is-plain-object/-/is-plain-object-5.0.0.tgz#4427f50ab3429e9025ea7d52e9043a9ef4159344"
  integrity sha512-VRSzKkbMm5jMDoKLbltAkFQ5Qr7VDiTFGXxYFXXowVj387GeGNOCsOH6Msy00SGZ3Fp84b1Naa1psqgcCIEP5Q==

json11@^2.0.0:
  version "2.0.2"
  resolved "https://registry.yarnpkg.com/json11/-/json11-2.0.2.tgz#77a6070437e36e269a0d3432593ce008553cdc72"
  integrity sha512-HIrd50UPYmP6sqLuLbFVm75g16o0oZrVfxrsY0EEys22klz8mRoWlX9KAEDOSOR9Q34rcxsyC8oDveGrCz5uLQ==

ms@^2.1.3:
  version "2.1.3"
  resolved "https://registry.yarnpkg.com/ms/-/ms-2.1.3.tgz#574c8138ce1d2b5861f0b44579dbadd60c6615b2"
  integrity sha512-6FlzubTLZG3J2a/NVCAleEhjzq5oxgHyaCU9yYXvcLsvoVaHJq/s5xXI6/XXP6tz7R9xAOtHnSO/tXtF3WRTlA==

nanoid@^3.3.11:
  version "3.3.11"
  resolved "https://registry.yarnpkg.com/nanoid/-/nanoid-3.3.11.tgz#4f4f112cefbe303202f2199838128936266d185b"
  integrity sha512-N8SpfPUnUp1bK+PMYW8qSWdl9U+wwNWI4QKxOYDy9JAro3WMX7p2OeVRF9v+347pnakNevPmiHhNmZ2HbFA76w==

parse-srcset@^1.0.2:
  version "1.0.2"
  resolved "https://registry.yarnpkg.com/parse-srcset/-/parse-srcset-1.0.2.tgz#f2bd221f6cc970a938d88556abc589caaaa2bde1"
  integrity sha512-/2qh0lav6CmI15FzA3i/2Bzk2zCgQhGMkvhOhKNcBVQ1ldgpbfiNTVslmooUmWJcADi1f1kIeynbDRVzNlfR6Q==

pg-cloudflare@^1.2.5:
  version "1.2.5"
  resolved "https://registry.yarnpkg.com/pg-cloudflare/-/pg-cloudflare-1.2.5.tgz#2e3649c38a7a9c74a7e5327c8098a2fd9af595bd"
  integrity sha512-OOX22Vt0vOSRrdoUPKJ8Wi2OpE/o/h9T8X1s4qSkCedbNah9ei2W2765be8iMVxQUsvgT7zIAT2eIa9fs5+vtg==

pg-connection-string@^2.9.0:
  version "2.9.0"
  resolved "https://registry.yarnpkg.com/pg-connection-string/-/pg-connection-string-2.9.0.tgz#f75e06591fdd42ec7636fe2c6a03febeedbec9bf"
  integrity sha512-P2DEBKuvh5RClafLngkAuGe9OUlFV7ebu8w1kmaaOgPcpJd1RIFh7otETfI6hAR8YupOLFTY7nuvvIn7PLciUQ==

pg-int8@1.0.1:
  version "1.0.1"
  resolved "https://registry.yarnpkg.com/pg-int8/-/pg-int8-1.0.1.tgz#943bd463bf5b71b4170115f80f8efc9a0c0eb78c"
  integrity sha512-WCtabS6t3c8SkpDBUlb1kjOs7l66xsGdKpIPZsg4wR+B3+u9UAum2odSsF9tnvxg80h4ZxLWMy4pRjOsFIqQpw==

pg-pool@^3.10.0:
  version "3.10.0"
  resolved "https://registry.yarnpkg.com/pg-pool/-/pg-pool-3.10.0.tgz#134b0213755c5e7135152976488aa7cd7ee1268d"
  integrity sha512-DzZ26On4sQ0KmqnO34muPcmKbhrjmyiO4lCCR0VwEd7MjmiKf5NTg/6+apUEu0NF7ESa37CGzFxH513CoUmWnA==

pg-protocol@^1.10.0:
  version "1.10.0"
  resolved "https://registry.yarnpkg.com/pg-protocol/-/pg-protocol-1.10.0.tgz#a473afcbb1c6e5dc3ac24869ba3dd563f8a1ae1b"
  integrity sha512-IpdytjudNuLv8nhlHs/UrVBhU0e78J0oIS/0AVdTbWxSOkFUVdsHC/NrorO6nXsQNDTT1kzDSOMJubBQviX18Q==

pg-types@2.2.0:
  version "2.2.0"
  resolved "https://registry.yarnpkg.com/pg-types/-/pg-types-2.2.0.tgz#2d0250d636454f7cfa3b6ae0382fdfa8063254a3"
  integrity sha512-qTAAlrEsl8s4OiEQY69wDvcMIdQN6wdz5ojQiOy6YRMuynxenON0O5oCpJI6lshc6scgAY8qvJ2On/p+CXY0GA==
  dependencies:
    pg-int8 "1.0.1"
    postgres-array "~2.0.0"
    postgres-bytea "~1.0.0"
    postgres-date "~1.0.4"
    postgres-interval "^1.1.0"

pg@^8.16.0:
  version "8.16.0"
  resolved "https://registry.yarnpkg.com/pg/-/pg-8.16.0.tgz#40b08eedb5eb1834252cf3e3629503e32e6c6c04"
  integrity sha512-7SKfdvP8CTNXjMUzfcVTaI+TDzBEeaUnVwiVGZQD1Hh33Kpev7liQba9uLd4CfN8r9mCVsD0JIpq03+Unpz+kg==
  dependencies:
    pg-connection-string "^2.9.0"
    pg-pool "^3.10.0"
    pg-protocol "^1.10.0"
    pg-types "2.2.0"
    pgpass "1.0.5"
  optionalDependencies:
    pg-cloudflare "^1.2.5"

pgpass@1.0.5:
  version "1.0.5"
  resolved "https://registry.yarnpkg.com/pgpass/-/pgpass-1.0.5.tgz#9b873e4a564bb10fa7a7dbd55312728d422a223d"
  integrity sha512-FdW9r/jQZhSeohs1Z3sI1yxFQNFvMcnmfuj4WBMUTxOrAyLMaTcE1aAMBiTlbMNaXvBCQuVi0R7hd8udDSP7ug==
  dependencies:
    split2 "^4.1.0"

picocolors@^1.1.1:
  version "1.1.1"
  resolved "https://registry.yarnpkg.com/picocolors/-/picocolors-1.1.1.tgz#3d321af3eab939b083c8f929a1d12cda81c26b6b"
  integrity sha512-xceH2snhtb5M9liqDsmEw56le376mTZkEX/jEb/RxNFyegNul7eNslCXP9FDj/Lcu0X8KEyMceP2ntpaHrDEVA==

postcss@^8.3.11:
  version "8.5.4"
  resolved "https://registry.yarnpkg.com/postcss/-/postcss-8.5.4.tgz#d61014ac00e11d5f58458ed7247d899bd65f99c0"
  integrity sha512-QSa9EBe+uwlGTFmHsPKokv3B/oEMQZxfqW0QqNCyhpa6mB1afzulwn8hihglqAb2pOw+BJgNlmXQ8la2VeHB7w==
  dependencies:
    nanoid "^3.3.11"
    picocolors "^1.1.1"
    source-map-js "^1.2.1"

postgres-array@~2.0.0:
  version "2.0.0"
  resolved "https://registry.yarnpkg.com/postgres-array/-/postgres-array-2.0.0.tgz#48f8fce054fbc69671999329b8834b772652d82e"
  integrity sha512-VpZrUqU5A69eQyW2c5CA1jtLecCsN2U/bD6VilrFDWq5+5UIEVO7nazS3TEcHf1zuPYO/sqGvUvW62g86RXZuA==

postgres-bytea@~1.0.0:
  version "1.0.0"
  resolved "https://registry.yarnpkg.com/postgres-bytea/-/postgres-bytea-1.0.0.tgz#027b533c0aa890e26d172d47cf9ccecc521acd35"
  integrity sha512-xy3pmLuQqRBZBXDULy7KbaitYqLcmxigw14Q5sj8QBVLqEwXfeybIKVWiqAXTlcvdvb0+xkOtDbfQMOf4lST1w==

postgres-date@~1.0.4:
  version "1.0.7"
  resolved "https://registry.yarnpkg.com/postgres-date/-/postgres-date-1.0.7.tgz#51bc086006005e5061c591cee727f2531bf641a8"
  integrity sha512-suDmjLVQg78nMK2UZ454hAG+OAW+HQPZ6n++TNDUX+L0+uUlLywnoxJKDou51Zm+zTCjrCl0Nq6J9C5hP9vK/Q==

postgres-interval@^1.1.0:
  version "1.2.0"
  resolved "https://registry.yarnpkg.com/postgres-interval/-/postgres-interval-1.2.0.tgz#b460c82cb1587507788819a06aa0fffdb3544695"
  integrity sha512-9ZhXKM/rw350N1ovuWHbGxnGh/SNJ4cnxHiM0rxE4VN41wsg8P8zWn9hv/buK00RP4WvlOyr/RBDiptyxVbkZQ==
  dependencies:
    xtend "^4.0.0"

sanitize-html@^2.17.0:
  version "2.17.0"
  resolved "https://registry.yarnpkg.com/sanitize-html/-/sanitize-html-2.17.0.tgz#a8f66420a6be981d8fe412e3397cc753782598e4"
  integrity sha512-dLAADUSS8rBwhaevT12yCezvioCA+bmUTPH/u57xKPT8d++voeYE6HeluA/bPbQ15TwDBG2ii+QZIEmYx8VdxA==
  dependencies:
    deepmerge "^4.2.2"
    escape-string-regexp "^4.0.0"
    htmlparser2 "^8.0.0"
    is-plain-object "^5.0.0"
    parse-srcset "^1.0.2"
    postcss "^8.3.11"

secure-json-parse@^2.4.0:
  version "2.7.0"
  resolved "https://registry.yarnpkg.com/secure-json-parse/-/secure-json-parse-2.7.0.tgz#5a5f9cd6ae47df23dba3151edd06855d47e09862"
  integrity sha512-6aU+Rwsezw7VR8/nyvKTx8QpWH9FrcYiXXlqC4z5d5XQBDRqtbfsRjnwGyqbi3gddNtWHuEk9OANUotL26qKUw==

source-map-js@^1.2.1:
  version "1.2.1"
  resolved "https://registry.yarnpkg.com/source-map-js/-/source-map-js-1.2.1.tgz#1ce5650fddd87abc099eda37dcff024c2667ae46"
  integrity sha512-UXWMKhLOwVKb728IUtQPXxfYU+usdybtUrK/8uGE8CQMvrhOpwvzDBwj0QhSL7MQc7vIsISBG8VQ8+IDQxpfQA==

split2@^4.1.0:
  version "4.2.0"
  resolved "https://registry.yarnpkg.com/split2/-/split2-4.2.0.tgz#c9c5920904d148bab0b9f67145f245a86aadbfa4"
  integrity sha512-UcjcJOWknrNkF6PLX83qcHM6KHgVKNkV62Y8a5uYDVv9ydGQVwAHMKqHdJje1VTWpljG0WYpCDhrCdAOYH4TWg==

strnum@^1.0.5:
  version "1.1.2"
  resolved "https://registry.yarnpkg.com/strnum/-/strnum-1.1.2.tgz#57bca4fbaa6f271081715dbc9ed7cee5493e28e4"
  integrity sha512-vrN+B7DBIoTTZjnPNewwhx6cBA/H+IS7rfW68n7XxC1y7uoiGQBxaKzqucGUgavX15dJgiGztLJ8vxuEzwqBdA==

tslib@^2.6.2:
  version "2.8.1"
  resolved "https://registry.yarnpkg.com/tslib/-/tslib-2.8.1.tgz#612efe4ed235d567e8aba5f2a5fab70280ade83f"
  integrity sha512-oJFu94HQb+KVduSUQL7wnpmqnfmLsOA/nAh6b6EH0wCEoK0/mPeXU6c3wKDV83MkOuHPRHtSXKKU99IBazS/2w==

uuid@^9.0.1:
  version "9.0.1"
  resolved "https://registry.yarnpkg.com/uuid/-/uuid-9.0.1.tgz#e188d4c8853cc722220392c424cd637f32293f30"
  integrity sha512-b+1eJOlsR9K8HJpow9Ok3fiWOWSIcIzXodvv0rQjVoOVNpWMpxf1wZNpt4y9h10odCNrqnYp1OBzRktckBe3sA==

xtend@^4.0.0:
  version "4.0.2"
  resolved "https://registry.yarnpkg.com/xtend/-/xtend-4.0.2.tgz#bb72779f5fa465186b1f438f674fa347fdb5db54"
  integrity sha512-LKYU1iAXJXUgAXn9URjiu+MWhyUXHsvfp7mcuYm9dSUKK0/CjtrUwFAxD82/mCWbtLsGjFIad0wIsod4zrTAEQ==
